Microsoft Visual Studio Solution File, Format Version 12.00
# Visual Studio 14
VisualStudioVersion = 14.0.24720.0
MinimumVisualStudioVersion = 10.0.40219.1
Project("{FAE04EC0-301F-11D3-BF4B-00C04F79EFBC}") = "VintagestoryAPI", "VintagestoryAPI\VintagestoryAPI.csproj", "{B3C0331A-FB0A-44C6-B8E1-51CFF32B635E}"
EndProject
Project("{FAE04EC0-301F-11D3-BF4B-00C04F79EFBC}") = "VintagestoryLib", "VintagestoryLib\VintagestoryLib.csproj", "{7CE12E73-8307-46B3-BCC3-71D0321340BE}"
EndProject
Project("{FAE04EC0-301F-11D3-BF4B-00C04F79EFBC}") = "VSEssentials", "VSEssentials\VSEssentials.csproj", "{2C0B9613-C5EF-4E6C-9AFC-C5C8C5F4D697}"
EndProject
Project("{FAE04EC0-301F-11D3-BF4B-00C04F79EFBC}") = "VSSurvivalMod", "VSSurvivalMod\VSSurvivalMod.csproj", "{A5A390DB-09C7-49CA-9A71-5DA89A5D4819}"
EndProject
Project("{FAE04EC0-301F-11D3-BF4B-00C04F79EFBC}") = "VSCreativeMod", "VSCreativeMod\VSCreativeMod.csproj", "{0072D090-02DD-4D28-AF83-0697FCD8518B}"
EndProject
Global
	GlobalSection(SolutionConfigurationPlatforms) = preSolution
		Debug|AnyCPU = Debug|AnyCPU
		Release|AnyCPU = Release|AnyCPU
	EndGlobalSection
	GlobalSection(ProjectConfigurationPlatforms) = postSolution
		{B3C0331A-FB0A-44C6-B8E1-51CFF32B635E}.Debug|AnyCPU.ActiveCfg = Debug|AnyCPU
		{B3C0331A-FB0A-44C6-B8E1-51CFF32B635E}.Debug|AnyCPU.Build.0 = Debug|AnyCPU
		{B3C0331A-FB0A-44C6-B8E1-51CFF32B635E}.Release|AnyCPU.ActiveCfg = Release|AnyCPU
		{B3C0331A-FB0A-44C6-B8E1-51CFF32B635E}.Release|AnyCPU.Build.0 = Release|AnyCPU
		{7CE12E73-8307-46B3-BCC3-71D0321340BE}.Debug|AnyCPU.ActiveCfg = Debug|AnyCPU
		{7CE12E73-8307-46B3-BCC3-71D0321340BE}.Debug|AnyCPU.Build.0 = Debug|AnyCPU
		{7CE12E73-8307-46B3-BCC3-71D0321340BE}.Release|AnyCPU.ActiveCfg = Release|AnyCPU
		{7CE12E73-8307-46B3-BCC3-71D0321340BE}.Release|AnyCPU.Build.0 = Release|AnyCPU
		{2C0B9613-C5EF-4E6C-9AFC-C5C8C5F4D697}.Debug|AnyCPU.ActiveCfg = Debug|AnyCPU
		{2C0B9613-C5EF-4E6C-9AFC-C5C8C5F4D697}.Debug|AnyCPU.Build.0 = Debug|AnyCPU
		{2C0B9613-C5EF-4E6C-9AFC-C5C8C5F4D697}.Release|AnyCPU.ActiveCfg = Release|AnyCPU
		{2C0B9613-C5EF-4E6C-9AFC-C5C8C5F4D697}.Release|AnyCPU.Build.0 = Release|AnyCPU
		{A5A390DB-09C7-49CA-9A71-5DA89A5D4819}.Debug|AnyCPU.ActiveCfg = Debug|AnyCPU
		{A5A390DB-09C7-49CA-9A71-5DA89A5D4819}.Debug|AnyCPU.Build.0 = Debug|AnyCPU
		{A5A390DB-09C7-49CA-9A71-5DA89A5D4819}.Release|AnyCPU.ActiveCfg = Release|AnyCPU
		{A5A390DB-09C7-49CA-9A71-5DA89A5D4819}.Release|AnyCPU.Build.0 = Release|AnyCPU
		{0072D090-02DD-4D28-AF83-0697FCD8518B}.Debug|AnyCPU.ActiveCfg = Debug|AnyCPU
		{0072D090-02DD-4D28-AF83-0697FCD8518B}.Debug|AnyCPU.Build.0 = Debug|AnyCPU
		{0072D090-02DD-4D28-AF83-0697FCD8518B}.Release|AnyCPU.ActiveCfg = Release|AnyCPU
		{0072D090-02DD-4D28-AF83-0697FCD8518B}.Release|AnyCPU.Build.0 = Release|AnyCPU
	EndGlobalSection
	GlobalSection(SolutionProperties) = preSolution
		HideSolutionNode = FALSE
	EndGlobalSection
EndGlobal
